
Microsoft Visual Studio Solution File, Format Version 12.00
# Visual Studio Version 17
VisualStudioVersion = 17.5.002.0
MinimumVisualStudioVersion = 10.0.40219.1
Project("{9A19103F-16F7-4668-BE54-9A1E7A4F7556}") = "InvoiceGenerator", "InvoiceGenerator.csproj", "{FEC47FE8-A59F-4951-9D7C-7975BDC7D977}"
EndProject
Global
	GlobalSection(SolutionConfigurationPlatforms) = preSolution
		Debug|Any CPU = Debug|Any CPU
		Release|Any CPU = Release|Any CPU
	EndGlobalSection
	GlobalSection(ProjectConfigurationPlatforms) = postSolution
		{FEC47FE8-A59F-4951-9D7C-7975BDC7D977}.Debug|Any CPU.ActiveCfg = Debug|Any CPU
		{FEC47FE8-A59F-4951-9D7C-7975BDC7D977}.Debug|Any CPU.Build.0 = Debug|Any CPU
		{FEC47FE8-A59F-4951-9D7C-7975BDC7D977}.Release|Any CPU.ActiveCfg = Release|Any CPU
		{FEC47FE8-A59F-4951-9D7C-7975BDC7D977}.Release|Any CPU.Build.0 = Release|Any CPU
	EndGlobalSection
	GlobalSection(SolutionProperties) = preSolution
		HideSolutionNode = FALSE
	EndGlobalSection
	GlobalSection(ExtensibilityGlobals) = postSolution
		SolutionGuid = {2DA9D6D8-5B01-44B4-90E8-CD8F358969A4}
	EndGlobalSection
EndGlobal
